
Microsoft Visual Studio Solution File, Format Version 12.00
# Visual Studio Version 16
VisualStudioVersion = 16.0.29102.190
MinimumVisualStudioVersion = 10.0.40219.1
Project("{9A19103F-16F7-4668-BE54-9A1E7A4F7556}") = "CreationalPatterns", "CreationalPatterns\CreationalPatterns.csproj", "{0F48AC02-1178-4D6A-98FB-9565A4634DE5}"
EndProject
Project("{FAE04EC0-301F-11D3-BF4B-00C04F79EFBC}") = "StructuralPatterns", "StructuralPatterns\StructuralPatterns.csproj", "{FE7EDFE1-409D-4588-A77E-5443384E3D9A}"
EndProject
Global
	GlobalSection(SolutionConfigurationPlatforms) = preSolution
		Debug|Any CPU = Debug|Any CPU
		Release|Any CPU = Release|Any CPU
	EndGlobalSection
	GlobalSection(ProjectConfigurationPlatforms) = postSolution
		{0F48AC02-1178-4D6A-98FB-9565A4634DE5}.Debug|Any CPU.ActiveCfg = Debug|Any CPU
		{0F48AC02-1178-4D6A-98FB-9565A4634DE5}.Debug|Any CPU.Build.0 = Debug|Any CPU
		{0F48AC02-1178-4D6A-98FB-9565A4634DE5}.Release|Any CPU.ActiveCfg = Release|Any CPU
		{0F48AC02-1178-4D6A-98FB-9565A4634DE5}.Release|Any CPU.Build.0 = Release|Any CPU
		{FE7EDFE1-409D-4588-A77E-5443384E3D9A}.Debug|Any CPU.ActiveCfg = Debug|Any CPU
		{FE7EDFE1-409D-4588-A77E-5443384E3D9A}.Debug|Any CPU.Build.0 = Debug|Any CPU
		{FE7EDFE1-409D-4588-A77E-5443384E3D9A}.Release|Any CPU.ActiveCfg = Release|Any CPU
		{FE7EDFE1-409D-4588-A77E-5443384E3D9A}.Release|Any CPU.Build.0 = Release|Any CPU
	EndGlobalSection
	GlobalSection(SolutionProperties) = preSolution
		HideSolutionNode = FALSE
	EndGlobalSection
	GlobalSection(ExtensibilityGlobals) = postSolution
		SolutionGuid = {14FF1512-3903-49C2-A738-F63E25451CC3}
	EndGlobalSection
EndGlobal
