
Microsoft Visual Studio Solution File, Format Version 12.00
# Visual Studio Version 16
VisualStudioVersion = 16.0.29102.190
MinimumVisualStudioVersion = 10.0.40219.1
Project("{FAE04EC0-301F-11D3-BF4B-00C04F79EFBC}") = "DeepAndShallowCopy", "DeepAndShallowCopy\DeepAndShallowCopy.csproj", "{DC1467E0-AA9A-4266-A987-E05E70E81575}"
EndProject
Global
	GlobalSection(SolutionConfigurationPlatforms) = preSolution
		Debug|Any CPU = Debug|Any CPU
		Release|Any CPU = Release|Any CPU
	EndGlobalSection
	GlobalSection(ProjectConfigurationPlatforms) = postSolution
		{DC1467E0-AA9A-4266-A987-E05E70E81575}.Debug|Any CPU.ActiveCfg = Debug|Any CPU
		{DC1467E0-AA9A-4266-A987-E05E70E81575}.Debug|Any CPU.Build.0 = Debug|Any CPU
		{DC1467E0-AA9A-4266-A987-E05E70E81575}.Release|Any CPU.ActiveCfg = Release|Any CPU
		{DC1467E0-AA9A-4266-A987-E05E70E81575}.Release|Any CPU.Build.0 = Release|Any CPU
	EndGlobalSection
	GlobalSection(SolutionProperties) = preSolution
		HideSolutionNode = FALSE
	EndGlobalSection
	GlobalSection(ExtensibilityGlobals) = postSolution
		SolutionGuid = {14FF1512-3903-49C2-A738-F63E25451CC3}
	EndGlobalSection
EndGlobal
